{
  "name": "example-auth-routes",
  "requires": true,
  "lockfileVersion": 1,
  "dependencies": {
    "de-indent": {
      "version": "1.0.2",
      "resolved": "https://registry.npmjs.org/de-indent/-/de-indent-1.0.2.tgz",
      "integrity": "sha1-sgOOhG3DO6pXlhKNCAS0VbjB4h0="
    },
    "he": {
      "version": "1.1.1",
      "resolved": "https://registry.npmjs.org/he/-/he-1.1.1.tgz",
      "integrity": "sha1-k0EP0hsAlzUVH4howvJx80J+I/0="
    },
    "tinymce": {
      "version": "4.8.0",
      "resolved": "https://registry.npmjs.org/tinymce/-/tinymce-4.8.0.tgz",
      "integrity": "sha512-Rj5MiQxSpwDIaaXo3WsfZqLfLBUi6jLZRrIpg1cbRurhSLwaNcTgAGqxHFjNELlm7zR2xSGzzlq5B/mGlsiJSg=="
    },
    "vue": {
      "version": "2.5.16",
      "resolved": "https://registry.npmjs.org/vue/-/vue-2.5.16.tgz",
      "integrity": "sha512-/ffmsiVuPC8PsWcFkZngdpas19ABm5mh2wA7iDqcltyCTwlgZjHGeJYOXkBMo422iPwIcviOtrTCUpSfXmToLQ=="
    },
    "vue-template-compiler": {
      "version": "2.5.16",
      "resolved": "https://registry.npmjs.org/vue-template-compiler/-/vue-template-compiler-2.5.16.tgz",
      "integrity": "sha512-ZbuhCcF/hTYmldoUOVcu2fcbeSAZnfzwDskGduOrnjBiIWHgELAd+R8nAtX80aZkceWDKGQ6N9/0/EUpt+l22A==",
      "requires": {
        "de-indent": "1.0.2",
        "he": "1.1.1"
      }
    },
    "vue-tinymce-editor": {
      "version": "1.6.2",
      "resolved": "https://registry.npmjs.org/vue-tinymce-editor/-/vue-tinymce-editor-1.6.2.tgz",
      "integrity": "sha1-Pt/HNngv22UV1QznAXIOnsd9+f0=",
      "requires": {
        "tinymce": "4.8.0",
        "vue": "2.5.16",
        "vue-template-compiler": "2.5.16"
      }
    }
  }
}
